
Microsoft Visual Studio Solution File, Format Version 12.00
# Visual Studio Version 17
VisualStudioVersion = 17.11.35327.3
MinimumVisualStudioVersion = 10.0.40219.1
Project("{FAE04EC0-301F-11D3-BF4B-00C04F79EFBC}") = "SiteMark1", "SiteMark1\SiteMark1.csproj", "{FDC4FA74-9858-420C-96E8-E4F887942D49}"
EndProject
Project("{FAE04EC0-301F-11D3-BF4B-00C04F79EFBC}") = "SiteMark1Test", "SiteMark1Test\SiteMark1Test.csproj", "{8E6B4E13-309A-4DBE-AC9E-F3A6431F68CF}"
EndProject
Global
	GlobalSection(SolutionConfigurationPlatforms) = preSolution
		Debug|Any CPU = Debug|Any CPU
		Release|Any CPU = Release|Any CPU
	EndGlobalSection
	GlobalSection(ProjectConfigurationPlatforms) = postSolution
		{FDC4FA74-9858-420C-96E8-E4F887942D49}.Debug|Any CPU.ActiveCfg = Debug|Any CPU
		{FDC4FA74-9858-420C-96E8-E4F887942D49}.Debug|Any CPU.Build.0 = Debug|Any CPU
		{FDC4FA74-9858-420C-96E8-E4F887942D49}.Release|Any CPU.ActiveCfg = Release|Any CPU
		{FDC4FA74-9858-420C-96E8-E4F887942D49}.Release|Any CPU.Build.0 = Release|Any CPU
		{8E6B4E13-309A-4DBE-AC9E-F3A6431F68CF}.Debug|Any CPU.ActiveCfg = Debug|Any CPU
		{8E6B4E13-309A-4DBE-AC9E-F3A6431F68CF}.Debug|Any CPU.Build.0 = Debug|Any CPU
		{8E6B4E13-309A-4DBE-AC9E-F3A6431F68CF}.Release|Any CPU.ActiveCfg = Release|Any CPU
		{8E6B4E13-309A-4DBE-AC9E-F3A6431F68CF}.Release|Any CPU.Build.0 = Release|Any CPU
	EndGlobalSection
	GlobalSection(SolutionProperties) = preSolution
		HideSolutionNode = FALSE
	EndGlobalSection
	GlobalSection(ExtensibilityGlobals) = postSolution
		SolutionGuid = {EB688BAC-655A-40B6-8CBF-6ABDE1412818}
	EndGlobalSection
EndGlobal
